{
  "requires": true,
  "lockfileVersion": 1,
  "dependencies": {
    "bootstrap-darkmode": {
      "version": "0.7.0",
      "resolved": "https://registry.npmjs.org/bootstrap-darkmode/-/bootstrap-darkmode-0.7.0.tgz",
      "integrity": "sha512-T9rTUFGirkTeGelUDJvWSjvUu11gQ4BE3g8s1dtHxEatz3u2XN5q8Oe2mQ5oKGR8IIi7i28Xrh/DVpEouUqBBA=="
    }
  }
}
